
Microsoft Visual Studio Solution File, Format Version 12.00
# Visual Studio 2012
Project("{FAE04EC0-301F-11D3-BF4B-00C04F79EFBC}") = "Sqlite", "V6\Sqlite.csproj", "{7025CACE-EB3D-4C8D-A709-4CC57462FDDC}"
EndProject
Project("{FAE04EC0-301F-11D3-BF4B-00C04F79EFBC}") = "DBKlase", "DBKlase\DBKlase.csproj", "{A4A815C7-D636-42B5-AF05-CD4A61F0D6CB}"
EndProject
Project("{FAE04EC0-301F-11D3-BF4B-00C04F79EFBC}") = "ORM", "ORM\ORM.csproj", "{A5E45D28-98D0-4193-8A22-0255C249BC08}"
EndProject
Global
	GlobalSection(SolutionConfigurationPlatforms) = preSolution
		Debug|x86 = Debug|x86
		Release|x86 = Release|x86
	EndGlobalSection
	GlobalSection(ProjectConfigurationPlatforms) = postSolution
		{7025CACE-EB3D-4C8D-A709-4CC57462FDDC}.Debug|x86.ActiveCfg = Debug|x86
		{7025CACE-EB3D-4C8D-A709-4CC57462FDDC}.Debug|x86.Build.0 = Debug|x86
		{7025CACE-EB3D-4C8D-A709-4CC57462FDDC}.Release|x86.ActiveCfg = Release|x86
		{7025CACE-EB3D-4C8D-A709-4CC57462FDDC}.Release|x86.Build.0 = Release|x86
		{A4A815C7-D636-42B5-AF05-CD4A61F0D6CB}.Debug|x86.ActiveCfg = Debug|x86
		{A4A815C7-D636-42B5-AF05-CD4A61F0D6CB}.Debug|x86.Build.0 = Debug|x86
		{A4A815C7-D636-42B5-AF05-CD4A61F0D6CB}.Release|x86.ActiveCfg = Release|x86
		{A4A815C7-D636-42B5-AF05-CD4A61F0D6CB}.Release|x86.Build.0 = Release|x86
		{A5E45D28-98D0-4193-8A22-0255C249BC08}.Debug|x86.ActiveCfg = Debug|x86
		{A5E45D28-98D0-4193-8A22-0255C249BC08}.Debug|x86.Build.0 = Debug|x86
		{A5E45D28-98D0-4193-8A22-0255C249BC08}.Release|x86.ActiveCfg = Release|x86
		{A5E45D28-98D0-4193-8A22-0255C249BC08}.Release|x86.Build.0 = Release|x86
	EndGlobalSection
EndGlobal
